
Microsoft Visual Studio Solution File, Format Version 12.00
# Visual Studio Version 16
VisualStudioVersion = 16.0.28803.156
MinimumVisualStudioVersion = 10.0.40219.1
Project("{9A19103F-16F7-4668-BE54-9A1E7A4F7556}") = "MyFunctionProj", "MyFunctionProj\MyFunctionProj.csproj", "{9408F9FC-2FE0-4886-9640-5CF2249BD447}"
EndProject
Global
	GlobalSection(SolutionConfigurationPlatforms) = preSolution
		Debug|Any CPU = Debug|Any CPU
		Release|Any CPU = Release|Any CPU
	EndGlobalSection
	GlobalSection(ProjectConfigurationPlatforms) = postSolution
		{9408F9FC-2FE0-4886-9640-5CF2249BD447}.Debug|Any CPU.ActiveCfg = Debug|Any CPU
		{9408F9FC-2FE0-4886-9640-5CF2249BD447}.Debug|Any CPU.Build.0 = Debug|Any CPU
		{9408F9FC-2FE0-4886-9640-5CF2249BD447}.Release|Any CPU.ActiveCfg = Release|Any CPU
		{9408F9FC-2FE0-4886-9640-5CF2249BD447}.Release|Any CPU.Build.0 = Release|Any CPU
	EndGlobalSection
	GlobalSection(SolutionProperties) = preSolution
		HideSolutionNode = FALSE
	EndGlobalSection
	GlobalSection(ExtensibilityGlobals) = postSolution
		SolutionGuid = {C92C8BDB-4BA8-449D-8A3B-5E4A71ED095A}
	EndGlobalSection
EndGlobal
